
Microsoft Visual Studio Solution File, Format Version 12.00
# Visual Studio 2013
VisualStudioVersion = 12.0.30501.0
MinimumVisualStudioVersion = 10.0.40219.1
Project("{FAE04EC0-301F-11D3-BF4B-00C04F79EFBC}") = "Logger", "Logger\Logger.csproj", "{6C20EA8B-61EF-41B1-8A55-3A4F05BDAF4C}"
EndProject
Project("{FAE04EC0-301F-11D3-BF4B-00C04F79EFBC}") = "LogAnalyzer", "LogAnalyzer\LogAnalyzer.csproj", "{549EBB6D-7257-462B-A9B3-F3C038CA62A8}"
EndProject
Project("{FAE04EC0-301F-11D3-BF4B-00C04F79EFBC}") = "SharpSerializerLibrary", "..\..\..\..\XmlSerializer\trunk\src\SharpSerializerLibrary\SharpSerializerLibrary.csproj", "{88AB738F-7A36-4C93-B808-B6CE2D3444B2}"
EndProject
Project("{FAE04EC0-301F-11D3-BF4B-00C04F79EFBC}") = "LoggerTests", "LoggerTests\LoggerTests.csproj", "{D9BABD15-301D-4839-A68A-3580827BF757}"
EndProject
Global
	GlobalSection(SolutionConfigurationPlatforms) = preSolution
		Debug|Any CPU = Debug|Any CPU
		Release|Any CPU = Release|Any CPU
	EndGlobalSection
	GlobalSection(ProjectConfigurationPlatforms) = postSolution
		{6C20EA8B-61EF-41B1-8A55-3A4F05BDAF4C}.Debug|Any CPU.ActiveCfg = Debug|Any CPU
		{6C20EA8B-61EF-41B1-8A55-3A4F05BDAF4C}.Debug|Any CPU.Build.0 = Debug|Any CPU
		{6C20EA8B-61EF-41B1-8A55-3A4F05BDAF4C}.Release|Any CPU.ActiveCfg = Release|Any CPU
		{6C20EA8B-61EF-41B1-8A55-3A4F05BDAF4C}.Release|Any CPU.Build.0 = Release|Any CPU
		{549EBB6D-7257-462B-A9B3-F3C038CA62A8}.Debug|Any CPU.ActiveCfg = Debug|Any CPU
		{549EBB6D-7257-462B-A9B3-F3C038CA62A8}.Debug|Any CPU.Build.0 = Debug|Any CPU
		{549EBB6D-7257-462B-A9B3-F3C038CA62A8}.Release|Any CPU.ActiveCfg = Release|Any CPU
		{549EBB6D-7257-462B-A9B3-F3C038CA62A8}.Release|Any CPU.Build.0 = Release|Any CPU
		{88AB738F-7A36-4C93-B808-B6CE2D3444B2}.Debug|Any CPU.ActiveCfg = Debug|Any CPU
		{88AB738F-7A36-4C93-B808-B6CE2D3444B2}.Debug|Any CPU.Build.0 = Debug|Any CPU
		{88AB738F-7A36-4C93-B808-B6CE2D3444B2}.Release|Any CPU.ActiveCfg = Release|Any CPU
		{88AB738F-7A36-4C93-B808-B6CE2D3444B2}.Release|Any CPU.Build.0 = Release|Any CPU
		{D9BABD15-301D-4839-A68A-3580827BF757}.Debug|Any CPU.ActiveCfg = Debug|Any CPU
		{D9BABD15-301D-4839-A68A-3580827BF757}.Debug|Any CPU.Build.0 = Debug|Any CPU
		{D9BABD15-301D-4839-A68A-3580827BF757}.Release|Any CPU.ActiveCfg = Release|Any CPU
		{D9BABD15-301D-4839-A68A-3580827BF757}.Release|Any CPU.Build.0 = Release|Any CPU
	EndGlobalSection
	GlobalSection(SolutionProperties) = preSolution
		HideSolutionNode = FALSE
	EndGlobalSection
EndGlobal
